
Microsoft Visual Studio Solution File, Format Version 12.00
# Visual Studio Version 16
VisualStudioVersion = 16.0.29215.179
MinimumVisualStudioVersion = 10.0.40219.1
Project("{9A19103F-16F7-4668-BE54-9A1E7A4F7556}") = "QSort", "QSort\QSort.csproj", "{C4E5C530-EDCC-46F3-AD82-CACAAFF3D39F}"
EndProject
Project("{9A19103F-16F7-4668-BE54-9A1E7A4F7556}") = "LongestCommonSubsequence", "LongestCommonSubsequence\LongestCommonSubsequence.csproj", "{C5389CBD-A67D-4640-B15D-799F486F2F00}"
EndProject
Project("{9A19103F-16F7-4668-BE54-9A1E7A4F7556}") = "LongestCommonSubstring", "LongestCommonSubstring\LongestCommonSubstring.csproj", "{C4B63955-9D77-41B5-AE6C-0FE1931D3935}"
EndProject
Project("{2150E333-8FDC-42A3-9474-1A3956D46DE8}") = "Patterns", "Patterns", "{BE506EF6-5185-45AF-B91D-E5B58701A003}"
EndProject
Project("{9A19103F-16F7-4668-BE54-9A1E7A4F7556}") = "Singleton", "Singleton\Singleton.csproj", "{3E92419D-9065-46DE-906B-D5AEBDDECBAB}"
EndProject
Project("{9A19103F-16F7-4668-BE54-9A1E7A4F7556}") = "RepositoryPattern", "RepositoryPattern\RepositoryPattern.csproj", "{9CB7DE63-741D-4CB2-B7A7-A6666A1F925B}"
EndProject
Project("{9A19103F-16F7-4668-BE54-9A1E7A4F7556}") = "MementoMoriPattern", "MementoMoriPattern\MementoMoriPattern.csproj", "{BEC8ADAD-1A9C-477B-9F13-CF28A8EBE5F8}"
EndProject
Project("{9A19103F-16F7-4668-BE54-9A1E7A4F7556}") = "Pipeline", "Decorator\Pipeline.csproj", "{A7E5D062-1F04-4DDF-A41E-7B093F9F4B7C}"
EndProject
Project("{9A19103F-16F7-4668-BE54-9A1E7A4F7556}") = "Decrorator", "Decrorator\Decrorator.csproj", "{DDD1A38B-C3A3-4F31-988D-C387E052D2BC}"
EndProject
Project("{FAE04EC0-301F-11D3-BF4B-00C04F79EFBC}") = "EffectiveReflection", "EffectiveReflection\EffectiveReflection.csproj", "{7BE027C8-4126-47C1-B104-69EEF5E7B8A1}"
EndProject
Project("{FAE04EC0-301F-11D3-BF4B-00C04F79EFBC}") = "Infrastructure", "Infrastructure\Infrastructure.csproj", "{479E0139-CECE-4176-A42E-F1FEBEC48452}"
EndProject
Global
	GlobalSection(SolutionConfigurationPlatforms) = preSolution
		Debug|Any CPU = Debug|Any CPU
		Release|Any CPU = Release|Any CPU
	EndGlobalSection
	GlobalSection(ProjectConfigurationPlatforms) = postSolution
		{C4E5C530-EDCC-46F3-AD82-CACAAFF3D39F}.Debug|Any CPU.ActiveCfg = Debug|Any CPU
		{C4E5C530-EDCC-46F3-AD82-CACAAFF3D39F}.Debug|Any CPU.Build.0 = Debug|Any CPU
		{C4E5C530-EDCC-46F3-AD82-CACAAFF3D39F}.Release|Any CPU.ActiveCfg = Release|Any CPU
		{C4E5C530-EDCC-46F3-AD82-CACAAFF3D39F}.Release|Any CPU.Build.0 = Release|Any CPU
		{C5389CBD-A67D-4640-B15D-799F486F2F00}.Debug|Any CPU.ActiveCfg = Debug|Any CPU
		{C5389CBD-A67D-4640-B15D-799F486F2F00}.Debug|Any CPU.Build.0 = Debug|Any CPU
		{C5389CBD-A67D-4640-B15D-799F486F2F00}.Release|Any CPU.ActiveCfg = Release|Any CPU
		{C5389CBD-A67D-4640-B15D-799F486F2F00}.Release|Any CPU.Build.0 = Release|Any CPU
		{C4B63955-9D77-41B5-AE6C-0FE1931D3935}.Debug|Any CPU.ActiveCfg = Debug|Any CPU
		{C4B63955-9D77-41B5-AE6C-0FE1931D3935}.Debug|Any CPU.Build.0 = Debug|Any CPU
		{C4B63955-9D77-41B5-AE6C-0FE1931D3935}.Release|Any CPU.ActiveCfg = Release|Any CPU
		{C4B63955-9D77-41B5-AE6C-0FE1931D3935}.Release|Any CPU.Build.0 = Release|Any CPU
		{3E92419D-9065-46DE-906B-D5AEBDDECBAB}.Debug|Any CPU.ActiveCfg = Debug|Any CPU
		{3E92419D-9065-46DE-906B-D5AEBDDECBAB}.Debug|Any CPU.Build.0 = Debug|Any CPU
		{3E92419D-9065-46DE-906B-D5AEBDDECBAB}.Release|Any CPU.ActiveCfg = Release|Any CPU
		{3E92419D-9065-46DE-906B-D5AEBDDECBAB}.Release|Any CPU.Build.0 = Release|Any CPU
		{9CB7DE63-741D-4CB2-B7A7-A6666A1F925B}.Debug|Any CPU.ActiveCfg = Debug|Any CPU
		{9CB7DE63-741D-4CB2-B7A7-A6666A1F925B}.Debug|Any CPU.Build.0 = Debug|Any CPU
		{9CB7DE63-741D-4CB2-B7A7-A6666A1F925B}.Release|Any CPU.ActiveCfg = Release|Any CPU
		{9CB7DE63-741D-4CB2-B7A7-A6666A1F925B}.Release|Any CPU.Build.0 = Release|Any CPU
		{BEC8ADAD-1A9C-477B-9F13-CF28A8EBE5F8}.Debug|Any CPU.ActiveCfg = Debug|Any CPU
		{BEC8ADAD-1A9C-477B-9F13-CF28A8EBE5F8}.Debug|Any CPU.Build.0 = Debug|Any CPU
		{BEC8ADAD-1A9C-477B-9F13-CF28A8EBE5F8}.Release|Any CPU.ActiveCfg = Release|Any CPU
		{BEC8ADAD-1A9C-477B-9F13-CF28A8EBE5F8}.Release|Any CPU.Build.0 = Release|Any CPU
		{A7E5D062-1F04-4DDF-A41E-7B093F9F4B7C}.Debug|Any CPU.ActiveCfg = Debug|Any CPU
		{A7E5D062-1F04-4DDF-A41E-7B093F9F4B7C}.Debug|Any CPU.Build.0 = Debug|Any CPU
		{A7E5D062-1F04-4DDF-A41E-7B093F9F4B7C}.Release|Any CPU.ActiveCfg = Release|Any CPU
		{A7E5D062-1F04-4DDF-A41E-7B093F9F4B7C}.Release|Any CPU.Build.0 = Release|Any CPU
		{DDD1A38B-C3A3-4F31-988D-C387E052D2BC}.Debug|Any CPU.ActiveCfg = Debug|Any CPU
		{DDD1A38B-C3A3-4F31-988D-C387E052D2BC}.Debug|Any CPU.Build.0 = Debug|Any CPU
		{DDD1A38B-C3A3-4F31-988D-C387E052D2BC}.Release|Any CPU.ActiveCfg = Release|Any CPU
		{DDD1A38B-C3A3-4F31-988D-C387E052D2BC}.Release|Any CPU.Build.0 = Release|Any CPU
		{7BE027C8-4126-47C1-B104-69EEF5E7B8A1}.Debug|Any CPU.ActiveCfg = Debug|Any CPU
		{7BE027C8-4126-47C1-B104-69EEF5E7B8A1}.Debug|Any CPU.Build.0 = Debug|Any CPU
		{7BE027C8-4126-47C1-B104-69EEF5E7B8A1}.Release|Any CPU.ActiveCfg = Release|Any CPU
		{7BE027C8-4126-47C1-B104-69EEF5E7B8A1}.Release|Any CPU.Build.0 = Release|Any CPU
		{479E0139-CECE-4176-A42E-F1FEBEC48452}.Debug|Any CPU.ActiveCfg = Debug|Any CPU
		{479E0139-CECE-4176-A42E-F1FEBEC48452}.Debug|Any CPU.Build.0 = Debug|Any CPU
		{479E0139-CECE-4176-A42E-F1FEBEC48452}.Release|Any CPU.ActiveCfg = Release|Any CPU
		{479E0139-CECE-4176-A42E-F1FEBEC48452}.Release|Any CPU.Build.0 = Release|Any CPU
	EndGlobalSection
	GlobalSection(SolutionProperties) = preSolution
		HideSolutionNode = FALSE
	EndGlobalSection
	GlobalSection(NestedProjects) = preSolution
		{3E92419D-9065-46DE-906B-D5AEBDDECBAB} = {BE506EF6-5185-45AF-B91D-E5B58701A003}
		{9CB7DE63-741D-4CB2-B7A7-A6666A1F925B} = {BE506EF6-5185-45AF-B91D-E5B58701A003}
		{BEC8ADAD-1A9C-477B-9F13-CF28A8EBE5F8} = {BE506EF6-5185-45AF-B91D-E5B58701A003}
		{A7E5D062-1F04-4DDF-A41E-7B093F9F4B7C} = {BE506EF6-5185-45AF-B91D-E5B58701A003}
		{DDD1A38B-C3A3-4F31-988D-C387E052D2BC} = {BE506EF6-5185-45AF-B91D-E5B58701A003}
	EndGlobalSection
	GlobalSection(ExtensibilityGlobals) = postSolution
		SolutionGuid = {323F495C-8622-441E-85A1-2420F6D90260}
	EndGlobalSection
EndGlobal
